
Microsoft Visual Studio Solution File, Format Version 12.00
# Visual Studio Version 16
VisualStudioVersion = 16.0.31624.102
MinimumVisualStudioVersion = 10.0.40219.1
Project("{FAE04EC0-301F-11D3-BF4B-00C04F79EFBC}") = "BookStoreAPI", "BookStoreAPI.csproj", "{D70939CE-EBE4-42D3-A0B6-FCF6E156737A}"
EndProject
Global
	GlobalSection(SolutionConfigurationPlatforms) = preSolution
		Debug|Any CPU = Debug|Any CPU
		Release|Any CPU = Release|Any CPU
	EndGlobalSection
	GlobalSection(ProjectConfigurationPlatforms) = postSolution
		{D70939CE-EBE4-42D3-A0B6-FCF6E156737A}.Debug|Any CPU.ActiveCfg = Debug|Any CPU
		{D70939CE-EBE4-42D3-A0B6-FCF6E156737A}.Debug|Any CPU.Build.0 = Debug|Any CPU
		{D70939CE-EBE4-42D3-A0B6-FCF6E156737A}.Release|Any CPU.ActiveCfg = Release|Any CPU
		{D70939CE-EBE4-42D3-A0B6-FCF6E156737A}.Release|Any CPU.Build.0 = Release|Any CPU
	EndGlobalSection
	GlobalSection(SolutionProperties) = preSolution
		HideSolutionNode = FALSE
	EndGlobalSection
	GlobalSection(ExtensibilityGlobals) = postSolution
		SolutionGuid = {CBBC0B97-5CC2-41CF-BE1C-798161DE67A7}
	EndGlobalSection
EndGlobal
